{
  "name": "ALIEN",
  "lockfileVersion": 3,
  "requires": true,
  "packages": {
    "": {
      "dependencies": {
        "@babylonjs/core": "^8.46.2"
      }
    },
    "node_modules/@babylonjs/core": {
      "version": "8.46.2",
      "resolved": "https://registry.npmjs.org/@babylonjs/core/-/core-8.46.2.tgz",
      "integrity": "sha512-CrRpd05C6+bQjrmnel4NzNxDCRCHuBCua0cIHxtugGumonTIu9/7D8Dpz/X0X3NWU92dL7qETE1QdPaqlsCJig==",
      "license": "Apache-2.0"
    }
  }
}
